
Microsoft Visual Studio Solution File, Format Version 12.00
# Visual Studio Version 17
VisualStudioVersion = 17.3.32825.248
MinimumVisualStudioVersion = 10.0.40219.1
Project("{FAE04EC0-301F-11D3-BF4B-00C04F79EFBC}") = "Exec_StringMembers2", "Exec_StringMembers2\Exec_StringMembers2.csproj", "{AF555629-83D0-47E8-8ED7-3D352A87D24F}"
EndProject
Global
	GlobalSection(SolutionConfigurationPlatforms) = preSolution
		Debug|Any CPU = Debug|Any CPU
		Release|Any CPU = Release|Any CPU
	EndGlobalSection
	GlobalSection(ProjectConfigurationPlatforms) = postSolution
		{AF555629-83D0-47E8-8ED7-3D352A87D24F}.Debug|Any CPU.ActiveCfg = Debug|Any CPU
		{AF555629-83D0-47E8-8ED7-3D352A87D24F}.Debug|Any CPU.Build.0 = Debug|Any CPU
		{AF555629-83D0-47E8-8ED7-3D352A87D24F}.Release|Any CPU.ActiveCfg = Release|Any CPU
		{AF555629-83D0-47E8-8ED7-3D352A87D24F}.Release|Any CPU.Build.0 = Release|Any CPU
	EndGlobalSection
	GlobalSection(SolutionProperties) = preSolution
		HideSolutionNode = FALSE
	EndGlobalSection
	GlobalSection(ExtensibilityGlobals) = postSolution
		SolutionGuid = {EC4316D0-13B7-48BA-AB81-521F60F5F2C4}
	EndGlobalSection
EndGlobal
